
Microsoft Visual Studio Solution File, Format Version 12.00
# Visual Studio Version 16
VisualStudioVersion = 16.0.31729.503
MinimumVisualStudioVersion = 10.0.40219.1
Project("{FAE04EC0-301F-11D3-BF4B-00C04F79EFBC}") = "TugOfWar", "TugOfWar.csproj", "{C126E064-0ACB-4272-BC62-9A5FFCE6A6F7}"
EndProject
Global
	GlobalSection(SolutionConfigurationPlatforms) = preSolution
		Debug|Any CPU = Debug|Any CPU
		Release|Any CPU = Release|Any CPU
	EndGlobalSection
	GlobalSection(ProjectConfigurationPlatforms) = postSolution
		{C126E064-0ACB-4272-BC62-9A5FFCE6A6F7}.Debug|Any CPU.ActiveCfg = Debug|Any CPU
		{C126E064-0ACB-4272-BC62-9A5FFCE6A6F7}.Debug|Any CPU.Build.0 = Debug|Any CPU
		{C126E064-0ACB-4272-BC62-9A5FFCE6A6F7}.Release|Any CPU.ActiveCfg = Release|Any CPU
		{C126E064-0ACB-4272-BC62-9A5FFCE6A6F7}.Release|Any CPU.Build.0 = Release|Any CPU
	EndGlobalSection
	GlobalSection(SolutionProperties) = preSolution
		HideSolutionNode = FALSE
	EndGlobalSection
	GlobalSection(ExtensibilityGlobals) = postSolution
		SolutionGuid = {6192A8D7-9EC8-4612-828A-4E35E4113D32}
	EndGlobalSection
EndGlobal
